{
  "schemaVersion": 1,
  "kind": "codemap-lock",
  "generatedAt": "2026-08-14T00:41:56.372736+00:00",
  "sourceFile": "codemap.source.json",
  "sourceSpecFingerprint": "3fbe33cb2d5bf32864590a5a934d2b77a319f6b9af5b87741fb674402922862e",
  "sourceFingerprint": "a4e2d1126d35d74b99c471f805502b426c21a7eeacba98fc0272372ad86b50fa",
  "templateFingerprint": "9fe5b7020dbeb7edcf458fd3c7f707be2e8d892563108a2c13ed11c7aeaba0ad",
  "mapFingerprint": "77a1ba6cdf8a4520b4f97d81c62d4c0e95d2cc0710546ffa578b6a6682105a60",
  "htmlFingerprint": "86c5443ecb3dd435b28b8f3852a737294bc0537abac3735edbf479be2a85198a",
  "sourceManifest": [
    {
      "path": "AGENTS.md",
      "sha256": "12b21dd786c87793b63c13175491c2d872eecdd43cff37c13e64fd03e80caaa4",
      "size": 19082
    },
    {
      "path": "README.md",
      "sha256": "ad5844ce18cd2bafef1c0ec800f1889fbdc6f49c587aae44fd39aee4d3ae17d5",
      "size": 4081
    },
    {
      "path": "context/codemap.md",
      "sha256": "31951143eeaf3ffa59efeedb2100448efb0e83a803b08fa88a4ae8fb97c85258",
      "size": 5312
    },
    {
      "path": "context/workflow-rules.md",
      "sha256": "b56da4c874088970acc07358179d73ff7abc72781319337b18ab5dc1024a101f",
      "size": 53164
    },
    {
      "path": "governance/profiles/vault-wsl/catalog.lock.json",
      "sha256": "eab53a6d12cd38c81c2db71f39025b14ace751af9ab71879314750d166ef4a50",
      "size": 1381
    },
    {
      "path": "governance/profiles/vault-wsl/estate.lock.json",
      "sha256": "1cf2312ae956befbe7d497c8306b5fed9be25ee819c4dd60af35c25fdb964d19",
      "size": 92616
    },
    {
      "path": "governance/profiles/vault-wsl/registry.lock.json",
      "sha256": "ca8f2cfa5004c01296ef30af16477746c5c56c2d834d3508311ba391c17868e8",
      "size": 229
    },
    {
      "path": "governance/profiles/vault-wsl/registry.toml",
      "sha256": "3fcefdfc915b6699f1097e0f62f1fe2a305aa078348b22d46dbcd240d14aa183",
      "size": 7597
    },
    {
      "path": "governance/profiles/vault-wsl/reputation.lock.json",
      "sha256": "2cc7b7cdb9d4d6aec7c36388803c5e7349f78facd5f3218e39f43aa94b36bc9d",
      "size": 1070
    },
    {
      "path": "scripts/generate-codemap.py",
      "sha256": "98283d7527122c7313c1654b86229b222be398bda468979673dcd05fa4cfa821",
      "size": 18546
    },
    {
      "path": "scripts/generate-roadmap-view.py",
      "sha256": "2a91e886b61bfdc0b4b52b31f814dc169f1ee47133eb76dcc42bd6346fd59a43",
      "size": 31372
    },
    {
      "path": "skills/diagram-design/SKILL.md",
      "sha256": "62eca0a7295a000d233503f66a04446822808d9d906866efd6a8d5bf2baf6073",
      "size": 3273
    },
    {
      "path": "skills/diagram-design/UPSTREAM.md",
      "sha256": "270c7006038603388abb3c4cbf9ae18abca9201ff5bfb5b22a180d32684ea27d",
      "size": 974
    },
    {
      "path": "skills/generate-state-diagram/SKILL.md",
      "sha256": "f52fe290f7efaf98ffe96068472533af163ab9c19455f1eeea8b33f9fbec80eb",
      "size": 16628
    },
    {
      "path": "skills/skill-governance/registry.toml",
      "sha256": "c36a5c0f70350003680e202cc040f663b89b9292452a31f5834d6f6d26214551",
      "size": 27612
    },
    {
      "path": "skills/skill-governance/scripts/governance.py",
      "sha256": "7bc5e9a02970ffd21e03f91b41f1a2260b33524fb3087593ad7c0d069ad29f51",
      "size": 258380
    },
    {
      "path": "skills/skill-governance/scripts/test_governance.py",
      "sha256": "37afb6d3c9e31225a0b46546a09ae0351bff9114c89df52c1e350857d71bf81e",
      "size": 114222
    },
    {
      "path": "skills/viewing-plans/SKILL.md",
      "sha256": "a869f479419e389a07d829bbae5b13d7498beb9ace0a5e1b8b9112395e6ad600",
      "size": 14577
    },
    {
      "path": "skills/visualizing-work/SKILL.md",
      "sha256": "03ddca4e54c1e2a22bd9e700afb0af24e9fd19d6939b4f69c68f4d2596d53349",
      "size": 6482
    },
    {
      "path": "tests/codemap-viewer.test.mjs",
      "sha256": "cab8fe6c7d3782564864fe83866bd324835ac8e2e422a92ab281071eb5e3391d",
      "size": 7167
    },
    {
      "path": "tests/roadmap-viewer.test.mjs",
      "sha256": "2cfce2cfeea444d0d6709dc3d2d784f68f27de1687dab103f5dc4670e97a0ba3",
      "size": 60829
    },
    {
      "path": "tests/test_generate_codemap.py",
      "sha256": "fbc7970cdd02b65a1ae0bcb1fa9828644491d8f03f4f60927544ab93055eebae",
      "size": 13993
    },
    {
      "path": "tests/test_generate_roadmap_view.py",
      "sha256": "78b54d5156ef905c6fc71c3a9cbe4e59d063f2c6bb99004df935c0351b96348f",
      "size": 23380
    },
    {
      "path": "tests/test_roadmap_task_hub.py",
      "sha256": "c486744fd24e5825f90d6645e0d1d645eeb21e86260d663e3c86fde42d85241b",
      "size": 23906
    },
    {
      "path": "tools/roadmap_viewer.html",
      "sha256": "9fe5b7020dbeb7edcf458fd3c7f707be2e8d892563108a2c13ed11c7aeaba0ad",
      "size": 302200
    }
  ]
}
